Microsoft Visual Studio Solution File, Format Version 12.00
# Visual Studio 2012
Project("{FAE04EC0-301F-11D3-BF4B-00C04F79EFBC}") = "Projects", "Projects.csproj", "{63217D60-2214-49C4-83C5-4D9D3E7A958C}"
EndProject
Global
	GlobalSection(SolutionConfigurationPlatforms) = preSolution
	Debug|Any CPU = Debug|Any CPU
	ExportDebug|Any CPU = ExportDebug|Any CPU
	ExportRelease|Any CPU = ExportRelease|Any CPU
	EndGlobalSection
	GlobalSection(ProjectConfigurationPlatforms) = postSolution
		{63217D60-2214-49C4-83C5-4D9D3E7A958C}.Debug|Any CPU.ActiveCfg = Debug|Any CPU
		{63217D60-2214-49C4-83C5-4D9D3E7A958C}.Debug|Any CPU.Build.0 = Debug|Any CPU
		{63217D60-2214-49C4-83C5-4D9D3E7A958C}.ExportDebug|Any CPU.ActiveCfg = ExportDebug|Any CPU
		{63217D60-2214-49C4-83C5-4D9D3E7A958C}.ExportDebug|Any CPU.Build.0 = ExportDebug|Any CPU
		{63217D60-2214-49C4-83C5-4D9D3E7A958C}.ExportRelease|Any CPU.ActiveCfg = ExportRelease|Any CPU
		{63217D60-2214-49C4-83C5-4D9D3E7A958C}.ExportRelease|Any CPU.Build.0 = ExportRelease|Any CPU
	EndGlobalSection
EndGlobal
